
Microsoft Visual Studio Solution File, Format Version 12.00
# Visual Studio 15
VisualStudioVersion = 15.0.27703.2042
MinimumVisualStudioVersion = 10.0.40219.1
Project("{FAE04EC0-301F-11D3-BF4B-00C04F79EFBC}") = "CityInfo.API", "CityInfo.API\CityInfo.API.csproj", "{24E03A2D-8BF3-402A-9C0D-97BCB93BFD4A}"
EndProject
Global
	GlobalSection(SolutionConfigurationPlatforms) = preSolution
		Debug|Any CPU = Debug|Any CPU
		Release|Any CPU = Release|Any CPU
	EndGlobalSection
	GlobalSection(ProjectConfigurationPlatforms) = postSolution
		{24E03A2D-8BF3-402A-9C0D-97BCB93BFD4A}.Debug|Any CPU.ActiveCfg = Debug|Any CPU
		{24E03A2D-8BF3-402A-9C0D-97BCB93BFD4A}.Debug|Any CPU.Build.0 = Debug|Any CPU
		{24E03A2D-8BF3-402A-9C0D-97BCB93BFD4A}.Release|Any CPU.ActiveCfg = Release|Any CPU
		{24E03A2D-8BF3-402A-9C0D-97BCB93BFD4A}.Release|Any CPU.Build.0 = Release|Any CPU
	EndGlobalSection
	GlobalSection(SolutionProperties) = preSolution
		HideSolutionNode = FALSE
	EndGlobalSection
	GlobalSection(ExtensibilityGlobals) = postSolution
		SolutionGuid = {1FC313C3-2D3C-4C8A-BA54-CBE092CC0AE4}
	EndGlobalSection
EndGlobal
